
Microsoft Visual Studio Solution File, Format Version 12.00
# Visual Studio Version 17
VisualStudioVersion = 17.0.32112.339
MinimumVisualStudioVersion = 10.0.40219.1
Project("{FAE04EC0-301F-11D3-BF4B-00C04F79EFBC}") = "WindowsFormsApp1", "WindowsFormsApp1\WindowsFormsApp1.csproj", "{27C60CD8-63BC-4D05-9D04-96FCC510221C}"
EndProject
Global
	GlobalSection(SolutionConfigurationPlatforms) = preSolution
		Debug|Any CPU = Debug|Any CPU
		Release|Any CPU = Release|Any CPU
	EndGlobalSection
	GlobalSection(ProjectConfigurationPlatforms) = postSolution
		{27C60CD8-63BC-4D05-9D04-96FCC510221C}.Debug|Any CPU.ActiveCfg = Debug|Any CPU
		{27C60CD8-63BC-4D05-9D04-96FCC510221C}.Debug|Any CPU.Build.0 = Debug|Any CPU
		{27C60CD8-63BC-4D05-9D04-96FCC510221C}.Release|Any CPU.ActiveCfg = Release|Any CPU
		{27C60CD8-63BC-4D05-9D04-96FCC510221C}.Release|Any CPU.Build.0 = Release|Any CPU
	EndGlobalSection
	GlobalSection(SolutionProperties) = preSolution
		HideSolutionNode = FALSE
	EndGlobalSection
	GlobalSection(ExtensibilityGlobals) = postSolution
		SolutionGuid = {D6AD71EE-A9A9-4212-BB1F-8661155A95AD}
	EndGlobalSection
EndGlobal
